
Microsoft Visual Studio Solution File, Format Version 12.00
# Visual Studio 14
VisualStudioVersion = 14.0.25420.1
MinimumVisualStudioVersion = 10.0.40219.1
Project("{FAE04EC0-301F-11D3-BF4B-00C04F79EFBC}") = "BankCS", "BankCS\BankCS.csproj", "{79A66916-6793-4AD7-981A-BB1D6E08D421}"
EndProject
Project("{FAE04EC0-301F-11D3-BF4B-00C04F79EFBC}") = "BankCSTests1", "BankCSTests1\BankCSTests1.csproj", "{9D21082B-011E-41FA-B3C3-8CE9568BF72F}"
EndProject
Global
	GlobalSection(SolutionConfigurationPlatforms) = preSolution
		Debug|Any CPU = Debug|Any CPU
		Release|Any CPU = Release|Any CPU
	EndGlobalSection
	GlobalSection(ProjectConfigurationPlatforms) = postSolution
		{79A66916-6793-4AD7-981A-BB1D6E08D421}.Debug|Any CPU.ActiveCfg = Debug|Any CPU
		{79A66916-6793-4AD7-981A-BB1D6E08D421}.Debug|Any CPU.Build.0 = Debug|Any CPU
		{79A66916-6793-4AD7-981A-BB1D6E08D421}.Release|Any CPU.ActiveCfg = Release|Any CPU
		{79A66916-6793-4AD7-981A-BB1D6E08D421}.Release|Any CPU.Build.0 = Release|Any CPU
		{9D21082B-011E-41FA-B3C3-8CE9568BF72F}.Debug|Any CPU.ActiveCfg = Debug|Any CPU
		{9D21082B-011E-41FA-B3C3-8CE9568BF72F}.Debug|Any CPU.Build.0 = Debug|Any CPU
		{9D21082B-011E-41FA-B3C3-8CE9568BF72F}.Release|Any CPU.ActiveCfg = Release|Any CPU
		{9D21082B-011E-41FA-B3C3-8CE9568BF72F}.Release|Any CPU.Build.0 = Release|Any CPU
	EndGlobalSection
	GlobalSection(SolutionProperties) = preSolution
		HideSolutionNode = FALSE
	EndGlobalSection
EndGlobal
